
Microsoft Visual Studio Solution File, Format Version 12.00
# Visual Studio Version 16
VisualStudioVersion = 16.0.30611.23
MinimumVisualStudioVersion = 10.0.40219.1
Project("{9A19103F-16F7-4668-BE54-9A1E7A4F7556}") = "DeviceManagementPortal", "DeviceManagementPortal_ProjectDirectory\DeviceManagementPortal.csproj", "{147D02C7-C7AE-4C76-9C27-A94C24066766}"
EndProject
Global
	GlobalSection(SolutionConfigurationPlatforms) = preSolution
		Debug|Any CPU = Debug|Any CPU
		Release|Any CPU = Release|Any CPU
	EndGlobalSection
	GlobalSection(ProjectConfigurationPlatforms) = postSolution
		{147D02C7-C7AE-4C76-9C27-A94C24066766}.Debug|Any CPU.ActiveCfg = Debug|Any CPU
		{147D02C7-C7AE-4C76-9C27-A94C24066766}.Debug|Any CPU.Build.0 = Debug|Any CPU
		{147D02C7-C7AE-4C76-9C27-A94C24066766}.Release|Any CPU.ActiveCfg = Release|Any CPU
		{147D02C7-C7AE-4C76-9C27-A94C24066766}.Release|Any CPU.Build.0 = Release|Any CPU
	EndGlobalSection
	GlobalSection(SolutionProperties) = preSolution
		HideSolutionNode = FALSE
	EndGlobalSection
	GlobalSection(ExtensibilityGlobals) = postSolution
		SolutionGuid = {46E0CEF3-A5E9-45AF-BB1F-5F4B7F5F6FD0}
	EndGlobalSection
EndGlobal
